{
  "lockfile_version": "1",
  "packages": {
    "github:NixOS/nixpkgs/nixpkgs-unstable": {
      "last_modified": "2026-08-20T07:12:19Z",
      "resolved": "github:NixOS/nixpkgs/391b592eb44808b3bd0cb80bb71b63a5a118b8bb?lastModified=1787209939"
    },
    "go@latest": {
      "last_modified": "2026-08-12T11:28:58Z",
      "resolved": "github:NixOS/nixpkgs/044bfe75bfe4c7bbe043dc17b5e42ea823b84a09#go",
      "source": "devbox-search",
      "version": "1.26.5",
      "systems": {
        "aarch64-darwin": {
          "outputs": [
            {
              "name": "out",
              "path": "/nix/store/4im44k446822ixjai0mdaizqskc90qxr-go-1.26.5",
              "default": true
            }
          ],
          "store_path": "/nix/store/4im44k446822ixjai0mdaizqskc90qxr-go-1.26.5"
        },
        "aarch64-linux": {
          "outputs": [
            {
              "name": "out",
              "path": "/nix/store/yjifjy7qjzm9jli8xhzwy3y6fzw84405-go-1.26.5",
              "default": true
            }
          ],
          "store_path": "/nix/store/yjifjy7qjzm9jli8xhzwy3y6fzw84405-go-1.26.5"
        },
        "x86_64-linux": {
          "outputs": [
            {
              "name": "out",
              "path": "/nix/store/xrgn6m0c5vbz06467q06zdwnk6qqdl7z-go-1.26.5",
              "default": true
            }
          ],
          "store_path": "/nix/store/xrgn6m0c5vbz06467q06zdwnk6qqdl7z-go-1.26.5"
        }
      }
    },
    "golangci-lint@latest": {
      "last_modified": "2026-08-12T11:28:58Z",
      "resolved": "github:NixOS/nixpkgs/044bfe75bfe4c7bbe043dc17b5e42ea823b84a09#golangci-lint",
      "source": "devbox-search",
      "version": "2.12.2",
      "systems": {
        "aarch64-darwin": {
          "outputs": [
            {
              "name": "out",
              "path": "/nix/store/cqawpcdr4iif6g81i9flza941zxzgac5-golangci-lint-2.12.2",
              "default": true
            }
          ],
          "store_path": "/nix/store/cqawpcdr4iif6g81i9flza941zxzgac5-golangci-lint-2.12.2"
        },
        "aarch64-linux": {
          "outputs": [
            {
              "name": "out",
              "path": "/nix/store/dyiky0qyz8p8z3c54rz5z2qdwbrf05c7-golangci-lint-2.12.2",
              "default": true
            }
          ],
          "store_path": "/nix/store/dyiky0qyz8p8z3c54rz5z2qdwbrf05c7-golangci-lint-2.12.2"
        },
        "x86_64-darwin": {
          "outputs": [
            {
              "name": "out",
              "path": "/nix/store/w8c3i6vmxnnj0xixvjsa9lva3rcd2rvs-golangci-lint-2.12.2",
              "default": true
            }
          ],
          "store_path": "/nix/store/w8c3i6vmxnnj0xixvjsa9lva3rcd2rvs-golangci-lint-2.12.2"
        },
        "x86_64-linux": {
          "outputs": [
            {
              "name": "out",
              "path": "/nix/store/yl3hlickshlf7smf4iql5lalmhi6hhqg-golangci-lint-2.12.2",
              "default": true
            }
          ],
          "store_path": "/nix/store/yl3hlickshlf7smf4iql5lalmhi6hhqg-golangci-lint-2.12.2"
        }
      }
    },
    "gopls@latest": {
      "last_modified": "2026-08-12T11:28:58Z",
      "resolved": "github:NixOS/nixpkgs/044bfe75bfe4c7bbe043dc17b5e42ea823b84a09#gopls",
      "source": "devbox-search",
      "version": "0.23.0",
      "systems": {
        "aarch64-darwin": {
          "outputs": [
            {
              "name": "out",
              "path": "/nix/store/ih4dynl9axfjfx9mcb17bsa6d2ppwl2w-gopls-0.23.0",
              "default": true
            }
          ],
          "store_path": "/nix/store/ih4dynl9axfjfx9mcb17bsa6d2ppwl2w-gopls-0.23.0"
        },
        "aarch64-linux": {
          "outputs": [
            {
              "name": "out",
              "path": "/nix/store/b8gpfw0a4r0s5hs5sf9a131spj2plp4m-gopls-0.23.0",
              "default": true
            }
          ],
          "store_path": "/nix/store/b8gpfw0a4r0s5hs5sf9a131spj2plp4m-gopls-0.23.0"
        },
        "x86_64-linux": {
          "outputs": [
            {
              "name": "out",
              "path": "/nix/store/nbh37dldyzxvw6076yj8b798qk6c0prl-gopls-0.23.0",
              "default": true
            }
          ],
          "store_path": "/nix/store/nbh37dldyzxvw6076yj8b798qk6c0prl-gopls-0.23.0"
        }
      }
    },
    "govulncheck@latest": {
      "last_modified": "2026-08-14T06:48:10Z",
      "resolved": "github:NixOS/nixpkgs/f2b17eb1b90f6a359082035b4538d4c63017aec3#govulncheck",
      "source": "devbox-search",
      "version": "1.7.0",
      "systems": {
        "aarch64-darwin": {
          "outputs": [
            {
              "name": "out",
              "path": "/nix/store/5i4arpcylxk54qynfw8lpqlr1lis8669-govulncheck-1.7.0",
              "default": true
            }
          ],
          "store_path": "/nix/store/5i4arpcylxk54qynfw8lpqlr1lis8669-govulncheck-1.7.0"
        },
        "aarch64-linux": {
          "outputs": [
            {
              "name": "out",
              "path": "/nix/store/ci5ky6aq7bqcvssgwv481hcijg2kwcad-govulncheck-1.7.0",
              "default": true
            }
          ],
          "store_path": "/nix/store/ci5ky6aq7bqcvssgwv481hcijg2kwcad-govulncheck-1.7.0"
        },
        "x86_64-linux": {
          "outputs": [
            {
              "name": "out",
              "path": "/nix/store/2kk1wcd3qgvwybm1cqwxcxhy74k7d1d6-govulncheck-1.7.0",
              "default": true
            }
          ],
          "store_path": "/nix/store/2kk1wcd3qgvwybm1cqwxcxhy74k7d1d6-govulncheck-1.7.0"
        }
      }
    },
    "just@latest": {
      "last_modified": "2026-08-12T11:28:58Z",
      "resolved": "github:NixOS/nixpkgs/044bfe75bfe4c7bbe043dc17b5e42ea823b84a09#just",
      "source": "devbox-search",
      "version": "1.58.0",
      "systems": {
        "aarch64-darwin": {
          "outputs": [
            {
              "name": "out",
              "path": "/nix/store/81jjd00c3favpnbqykknj8b38xv3xwag-just-1.58.0",
              "default": true
            },
            {
              "name": "man",
              "path": "/nix/store/prvq39qv9jhvxmc0x680llzi9yhdhxf2-just-1.58.0-man",
              "default": true
            },
            {
              "name": "doc",
              "path": "/nix/store/l0921qb0dmgqf7lv8wkrgnh9hwy45ilb-just-1.58.0-doc"
            }
          ],
          "store_path": "/nix/store/81jjd00c3favpnbqykknj8b38xv3xwag-just-1.58.0"
        },
        "aarch64-linux": {
          "outputs": [
            {
              "name": "out",
              "path": "/nix/store/25882ybvr2ynzgjmkzg65ajpk5pj0s9m-just-1.58.0",
              "default": true
            },
            {
              "name": "man",
              "path": "/nix/store/z6hgngkqhidw2rzmwssf5x4wa7043rpn-just-1.58.0-man",
              "default": true
            },
            {
              "name": "doc",
              "path": "/nix/store/qz7crf5iz73jmzs879hw4vnr62ilh4z1-just-1.58.0-doc"
            }
          ],
          "store_path": "/nix/store/25882ybvr2ynzgjmkzg65ajpk5pj0s9m-just-1.58.0"
        },
        "x86_64-linux": {
          "outputs": [
            {
              "name": "out",
              "path": "/nix/store/ni2dxycnhsp34y4qy6q44nw6pp6bj0l0-just-1.58.0",
              "default": true
            },
            {
              "name": "man",
              "path": "/nix/store/q3qkl9qssss7df0kj0p15an4rg95f5bs-just-1.58.0-man",
              "default": true
            },
            {
              "name": "doc",
              "path": "/nix/store/wwvfc48y4iiavjys7mf5ixnqh0gil0r8-just-1.58.0-doc"
            }
          ],
          "store_path": "/nix/store/ni2dxycnhsp34y4qy6q44nw6pp6bj0l0-just-1.58.0"
        }
      }
    },
    "kubernetes-helm@latest": {
      "last_modified": "2026-08-14T06:48:10Z",
      "resolved": "github:NixOS/nixpkgs/f2b17eb1b90f6a359082035b4538d4c63017aec3#kubernetes-helm",
      "source": "devbox-search",
      "version": "4.2.4",
      "systems": {
        "aarch64-darwin": {
          "outputs": [
            {
              "name": "out",
              "path": "/nix/store/zzbd5kzhdq4xh99ykhmsk9gdr3sgsdv4-kubernetes-helm-4.2.4",
              "default": true
            }
          ],
          "store_path": "/nix/store/zzbd5kzhdq4xh99ykhmsk9gdr3sgsdv4-kubernetes-helm-4.2.4"
        },
        "aarch64-linux": {
          "outputs": [
            {
              "name": "out",
              "path": "/nix/store/m15s22fr1c74qc24bqsi14zmvmh3wa02-kubernetes-helm-4.2.4",
              "default": true
            }
          ],
          "store_path": "/nix/store/m15s22fr1c74qc24bqsi14zmvmh3wa02-kubernetes-helm-4.2.4"
        },
        "x86_64-linux": {
          "outputs": [
            {
              "name": "out",
              "path": "/nix/store/g48g9scy4mz49kwjsy0fb9kkbspvkcfi-kubernetes-helm-4.2.4",
              "default": true
            }
          ],
          "store_path": "/nix/store/g48g9scy4mz49kwjsy0fb9kkbspvkcfi-kubernetes-helm-4.2.4"
        }
      }
    },
    "lefthook@latest": {
      "last_modified": "2026-08-12T11:28:58Z",
      "resolved": "github:NixOS/nixpkgs/044bfe75bfe4c7bbe043dc17b5e42ea823b84a09#lefthook",
      "source": "devbox-search",
      "version": "2.1.10",
      "systems": {
        "aarch64-darwin": {
          "outputs": [
            {
              "name": "out",
              "path": "/nix/store/qbrq4nvlrd7k78iadpph7pwa4ra0z0sl-lefthook-2.1.10",
              "default": true
            }
          ],
          "store_path": "/nix/store/qbrq4nvlrd7k78iadpph7pwa4ra0z0sl-lefthook-2.1.10"
        },
        "aarch64-linux": {
          "outputs": [
            {
              "name": "out",
              "path": "/nix/store/wd9rvnrd5i46ia4v42wh8kfnnfd3v9lr-lefthook-2.1.10",
              "default": true
            }
          ],
          "store_path": "/nix/store/wd9rvnrd5i46ia4v42wh8kfnnfd3v9lr-lefthook-2.1.10"
        },
        "x86_64-linux": {
          "outputs": [
            {
              "name": "out",
              "path": "/nix/store/w3kgp8s9wm3b3yg484hvb318mdnznxvl-lefthook-2.1.10",
              "default": true
            }
          ],
          "store_path": "/nix/store/w3kgp8s9wm3b3yg484hvb318mdnznxvl-lefthook-2.1.10"
        }
      }
    },
    "nodejs@latest": {
      "last_modified": "2026-08-14T06:48:10Z",
      "plugin_version": "0.0.4",
      "resolved": "github:NixOS/nixpkgs/f2b17eb1b90f6a359082035b4538d4c63017aec3#nodejs_26",
      "source": "devbox-search",
      "version": "26.7.0",
      "systems": {
        "aarch64-darwin": {
          "outputs": [
            {
              "name": "out",
              "path": "/nix/store/iyhz8slnbv3m4gmi81gszbm7bybf4ycp-nodejs-26.7.0",
              "default": true
            }
          ],
          "store_path": "/nix/store/iyhz8slnbv3m4gmi81gszbm7bybf4ycp-nodejs-26.7.0"
        },
        "aarch64-linux": {
          "outputs": [
            {
              "name": "out",
              "path": "/nix/store/lz52yimavl1lhjwlyfdyr9vlymdmp95q-nodejs-26.7.0",
              "default": true
            }
          ],
          "store_path": "/nix/store/lz52yimavl1lhjwlyfdyr9vlymdmp95q-nodejs-26.7.0"
        },
        "x86_64-linux": {
          "outputs": [
            {
              "name": "out",
              "path": "/nix/store/33911477n31np6m43lgp8ckpbn7nc85g-nodejs-26.7.0",
              "default": true
            }
          ],
          "store_path": "/nix/store/33911477n31np6m43lgp8ckpbn7nc85g-nodejs-26.7.0"
        }
      }
    }
  }
}
